
Microsoft Visual Studio Solution File, Format Version 12.00
# Visual Studio Version 17
VisualStudioVersion = 17.5.002.0
MinimumVisualStudioVersion = 10.0.40219.1
Project("{9A19103F-16F7-4668-BE54-9A1E7A4F7556}") = "Quann", "Quann.csproj", "{035DD3B8-7BB5-445E-A37D-99D7ACAB7E06}"
EndProject
Global
	GlobalSection(SolutionConfigurationPlatforms) = preSolution
		Debug|Any CPU = Debug|Any CPU
		Release|Any CPU = Release|Any CPU
	EndGlobalSection
	GlobalSection(ProjectConfigurationPlatforms) = postSolution
		{035DD3B8-7BB5-445E-A37D-99D7ACAB7E06}.Debug|Any CPU.ActiveCfg = Debug|Any CPU
		{035DD3B8-7BB5-445E-A37D-99D7ACAB7E06}.Debug|Any CPU.Build.0 = Debug|Any CPU
		{035DD3B8-7BB5-445E-A37D-99D7ACAB7E06}.Release|Any CPU.ActiveCfg = Release|Any CPU
		{035DD3B8-7BB5-445E-A37D-99D7ACAB7E06}.Release|Any CPU.Build.0 = Release|Any CPU
	EndGlobalSection
	GlobalSection(SolutionProperties) = preSolution
		HideSolutionNode = FALSE
	EndGlobalSection
	GlobalSection(ExtensibilityGlobals) = postSolution
		SolutionGuid = {B1A1B3E5-311D-405E-9C5D-43918AEAE772}
	EndGlobalSection
EndGlobal
